
Microsoft Visual Studio Solution File, Format Version 11.00
# Visual C# Express 2010
Project("{FAE04EC0-301F-11D3-BF4B-00C04F79EFBC}") = "Rubik's Cube", "WindowsGame6\WindowsGame6\Rubik's Cube.csproj", "{B6A2AEC1-9099-49B0-BFB3-A78461432163}"
EndProject
Project("{FAE04EC0-301F-11D3-BF4B-00C04F79EFBC}") = "WindowsGame6Content", "WindowsGame6\WindowsGame6Content\WindowsGame6Content.contentproj", "{8F900654-EEBB-4908-B813-0DECCAA4075C}"
EndProject
Global
	GlobalSection(SolutionConfigurationPlatforms) = preSolution
		Debug|Any CPU = Debug|Any CPU
		Debug|Mixed Platforms = Debug|Mixed Platforms
		Debug|x86 = Debug|x86
		Release|Any CPU = Release|Any CPU
		Release|Mixed Platforms = Release|Mixed Platforms
		Release|x86 = Release|x86
	EndGlobalSection
	GlobalSection(ProjectConfigurationPlatforms) = postSolution
		{B6A2AEC1-9099-49B0-BFB3-A78461432163}.Debug|Any CPU.ActiveCfg = Debug|x86
		{B6A2AEC1-9099-49B0-BFB3-A78461432163}.Debug|Mixed Platforms.ActiveCfg = Debug|x86
		{B6A2AEC1-9099-49B0-BFB3-A78461432163}.Debug|Mixed Platforms.Build.0 = Debug|x86
		{B6A2AEC1-9099-49B0-BFB3-A78461432163}.Debug|x86.ActiveCfg = Debug|x86
		{B6A2AEC1-9099-49B0-BFB3-A78461432163}.Debug|x86.Build.0 = Debug|x86
		{B6A2AEC1-9099-49B0-BFB3-A78461432163}.Release|Any CPU.ActiveCfg = Release|x86
		{B6A2AEC1-9099-49B0-BFB3-A78461432163}.Release|Mixed Platforms.ActiveCfg = Release|x86
		{B6A2AEC1-9099-49B0-BFB3-A78461432163}.Release|Mixed Platforms.Build.0 = Release|x86
		{B6A2AEC1-9099-49B0-BFB3-A78461432163}.Release|x86.ActiveCfg = Release|x86
		{B6A2AEC1-9099-49B0-BFB3-A78461432163}.Release|x86.Build.0 = Release|x86
		{8F900654-EEBB-4908-B813-0DECCAA4075C}.Debug|Any CPU.ActiveCfg = Debug|x86
		{8F900654-EEBB-4908-B813-0DECCAA4075C}.Debug|Mixed Platforms.ActiveCfg = Debug|x86
		{8F900654-EEBB-4908-B813-0DECCAA4075C}.Debug|x86.ActiveCfg = Debug|x86
		{8F900654-EEBB-4908-B813-0DECCAA4075C}.Release|Any CPU.ActiveCfg = Release|x86
		{8F900654-EEBB-4908-B813-0DECCAA4075C}.Release|Mixed Platforms.ActiveCfg = Release|x86
		{8F900654-EEBB-4908-B813-0DECCAA4075C}.Release|x86.ActiveCfg = Release|x86
	EndGlobalSection
	GlobalSection(SolutionProperties) = preSolution
		HideSolutionNode = FALSE
	EndGlobalSection
	GlobalSection(TestCaseManagementSettings) = postSolution
		CategoryFile = WindowsGame6.vsmdi
	EndGlobalSection
EndGlobal
